// !$*UTF8*$!
{
	archiveVersion = 1;
	classes = {
	};
	objectVersion = 46;
	objects = {

/* Begin PBXBuildFile section */
		7BFE991D1ADFABD3008A9F42 /* AppDelegate.swift in Sources */ = {isa = PBXBuildFile; fileRef = 7BFE991C1ADFABD3008A9F42 /* AppDelegate.swift */; };
		7BFE991F1ADFABD3008A9F42 /* ViewController.swift in Sources */ = {isa = PBXBuildFile; fileRef = 7BFE991E1ADFABD3008A9F42 /* ViewController.swift */; };
		7BFE99221ADFABD3008A9F42 /* Main.storyboard in Resources */ = {isa = PBXBuildFile; fileRef = 7BFE99201ADFABD3008A9F42 /* Main.storyboard */; };
		7BFE99241ADFABD3008A9F42 /* Images.xcassets in Resources */ = {isa = PBXBuildFile; fileRef = 7BFE99231ADFABD3008A9F42 /* Images.xcassets */; };
		7BFE99271ADFABD3008A9F42 /* LaunchScreen.xib in Resources */ = {isa = PBXBuildFile; fileRef = 7BFE99251ADFABD3008A9F42 /* LaunchScreen.xib */; };
		7BFE99331ADFABD3008A9F42 /* ExamenGestosTests.swift in Sources */ = {isa = PBXBuildFile; fileRef = 7BFE99321ADFABD3008A9F42 /* ExamenGestosTests.swift */; };
		7BFE993D1ADFABFE008A9F42 /* CircleModel.swift in Sources */ = {isa = PBXBuildFile; fileRef = 7BFE993C1ADFABFE008A9F42 /* CircleModel.swift */; };
		7BFE993F1ADFAC7A008A9F42 /* CircleView.swift in Sources */ = {isa = PBXBuildFile; fileRef = 7BFE993E1ADFAC7A008A9F42 /* CircleView.swift */; };
/* End PBXBuildFile section */

/* Begin PBXContainerItemProxy section */
		7BFE992D1ADFABD3008A9F42 /* PBXContainerItemProxy */ = {
			isa = PBXContainerItemProxy;
			containerPortal = 7BFE990F1ADFABD3008A9F42 /* Project object */;
			proxyType = 1;
			remoteGlobalIDString = 7BFE99161ADFABD3008A9F42;
			remoteInfo = ExamenGestos;
		};
/* End PBXContainerItemProxy section */

/* Begin PBXFileReference section */
		7BFE99171ADFABD3008A9F42 /* ExamenGestos.app */ = {isa = PBXFileReference; explicitFileType = wrapper.application; includeInIndex = 0; path = ExamenGestos.app; sourceTree = BUILT_PRODUCTS_DIR; };
		7BFE991B1ADFABD3008A9F42 /* Info.plist */ = {isa = PBXFileReference; lastKnownFileType = text.plist.xml; path = Info.plist; sourceTree = "<group>"; };
		7BFE991C1ADFABD3008A9F42 /* AppDelegate.swift */ = {isa = PBXFileReference; lastKnownFileType = sourcecode.swift; path = AppDelegate.swift; sourceTree = "<group>"; };
		7BFE991E1ADFABD3008A9F42 /* ViewController.swift */ = {isa = PBXFileReference; lastKnownFileType = sourcecode.swift; path = ViewController.swift; sourceTree = "<group>"; };
		7BFE99211ADFABD3008A9F42 /* Base */ = {isa = PBXFileReference; lastKnownFileType = file.storyboard; name = Base; path = Base.lproj/Main.storyboard; sourceTree = "<group>"; };
		7BFE99231ADFABD3008A9F42 /* Images.xcassets */ = {isa = PBXFileReference; lastKnownFileType = folder.assetcatalog; path = Images.xcassets; sourceTree = "<group>"; };
		7BFE99261ADFABD3008A9F42 /* Base */ = {isa = PBXFileReference; lastKnownFileType = file.xib; name = Base; path = Base.lproj/LaunchScreen.xib; sourceTree = "<group>"; };
		7BFE992C1ADFABD3008A9F42 /* ExamenGestosTests.xctest */ = {isa = PBXFileReference; explicitFileType = wrapper.cfbundle; includeInIndex = 0; path = ExamenGestosTests.xctest; sourceTree = BUILT_PRODUCTS_DIR; };
		7BFE99311ADFABD3008A9F42 /* Info.plist */ = {isa = PBXFileReference; lastKnownFileType = text.plist.xml; path = Info.plist; sourceTree = "<group>"; };
		7BFE99321ADFABD3008A9F42 /* ExamenGestosTests.swift */ = {isa = PBXFileReference; lastKnownFileType = sourcecode.swift; path = ExamenGestosTests.swift; sourceTree = "<group>"; };
		7BFE993C1ADFABFE008A9F42 /* CircleModel.swift */ = {isa = PBXFileReference; fileEncoding = 4; lastKnownFileType = sourcecode.swift; path = CircleModel.swift; sourceTree = "<group>"; };
		7BFE993E1ADFAC7A008A9F42 /* CircleView.swift */ = {isa = PBXFileReference; fileEncoding = 4; lastKnownFileType = sourcecode.swift; path = CircleView.swift; sourceTree = "<group>"; };
/* End PBXFileReference section */

/* Begin PBXFrameworksBuildPhase section */
		7BFE99141ADFABD3008A9F42 /* Frameworks */ = {
			isa = PBXFrameworksBuildPhase;
			buildActionMask = 2147483647;
			files = (
			);
			runOnlyForDeploymentPostprocessing = 0;
		};
		7BFE99291ADFABD3008A9F42 /* Frameworks */ = {
			isa = PBXFrameworksBuildPhase;
			buildActionMask = 2147483647;
			files = (
			);
			runOnlyForDeploymentPostprocessing = 0;
		};
/* End PBXFrameworksBuildPhase section */

/* Begin PBXGroup section */
		7BFE990E1ADFABD3008A9F42 = {
			isa = PBXGroup;
			children = (
				7BFE99191ADFABD3008A9F42 /* ExamenGestos */,
				7BFE992F1ADFABD3008A9F42 /* ExamenGestosTests */,
				7BFE99181ADFABD3008A9F42 /* Products */,
			);
			sourceTree = "<group>";
		};
		7BFE99181ADFABD3008A9F42 /* Products */ = {
			isa = PBXGroup;
			children = (
				7BFE99171ADFABD3008A9F42 /* ExamenGestos.app */,
				7BFE992C1ADFABD3008A9F42 /* ExamenGestosTests.xctest */,
			);
			name = Products;
			sourceTree = "<group>";
		};
		7BFE99191ADFABD3008A9F42 /* ExamenGestos */ = {
			isa = PBXGroup;
			children = (
				7BFE991C1ADFABD3008A9F42 /* AppDelegate.swift */,
				7BFE991E1ADFABD3008A9F42 /* ViewController.swift */,
				7BFE99201ADFABD3008A9F42 /* Main.storyboard */,
				7BFE99231ADFABD3008A9F42 /* Images.xcassets */,
				7BFE99251ADFABD3008A9F42 /* LaunchScreen.xib */,
				7BFE991A1ADFABD3008A9F42 /* Supporting Files */,
				7BFE993C1ADFABFE008A9F42 /* CircleModel.swift */,
				7BFE993E1ADFAC7A008A9F42 /* CircleView.swift */,
			);
			path = ExamenGestos;
			sourceTree = "<group>";
		};
		7BFE991A1ADFABD3008A9F42 /* Supporting Files */ = {
			isa = PBXGroup;
			children = (
				7BFE991B1ADFABD3008A9F42 /* Info.plist */,
			);
			name = "Supporting Files";
			sourceTree = "<group>";
		};
		7BFE992F1ADFABD3008A9F42 /* ExamenGestosTests */ = {
			isa = PBXGroup;
			children = (
				7BFE99321ADFABD3008A9F42 /* ExamenGestosTests.swift */,
				7BFE99301ADFABD3008A9F42 /* Supporting Files */,
			);
			path = ExamenGestosTests;
			sourceTree = "<group>";
		};
		7BFE99301ADFABD3008A9F42 /* Supporting Files */ = {
			isa = PBXGroup;
			children = (
				7BFE99311ADFABD3008A9F42 /* Info.plist */,
			);
			name = "Supporting Files";
			sourceTree = "<group>";
		};
/* End PBXGroup section */

/* Begin PBXNativeTarget section */
		7BFE99161ADFABD3008A9F42 /* ExamenGestos */ = {
			isa = PBXNativeTarget;
			buildConfigurationList = 7BFE99361ADFABD3008A9F42 /* Build configuration list for PBXNativeTarget "ExamenGestos" */;
			buildPhases = (
				7BFE99131ADFABD3008A9F42 /* Sources */,
				7BFE99141ADFABD3008A9F42 /* Frameworks */,
				7BFE99151ADFABD3008A9F42 /* Resources */,
			);
			buildRules = (
			);
			dependencies = (
			);
			name = ExamenGestos;
			productName = ExamenGestos;
			productReference = 7BFE99171ADFABD3008A9F42 /* ExamenGestos.app */;
			productType = "com.apple.product-type.application";
		};
		7BFE992B1ADFABD3008A9F42 /* ExamenGestosTests */ = {
			isa = PBXNativeTarget;
			buildConfigurationList = 7BFE99391ADFABD3008A9F42 /* Build configuration list for PBXNativeTarget "ExamenGestosTests" */;
			buildPhases = (
				7BFE99281ADFABD3008A9F42 /* Sources */,
				7BFE99291ADFABD3008A9F42 /* Frameworks */,
				7BFE992A1ADFABD3008A9F42 /* Resources */,
			);
			buildRules = (
			);
			dependencies = (
				7BFE992E1ADFABD3008A9F42 /* PBXTargetDependency */,
			);
			name = ExamenGestosTests;
			productName = ExamenGestosTests;
			productReference = 7BFE992C1ADFABD3008A9F42 /* ExamenGestosTests.xctest */;
			productType = "com.apple.product-type.bundle.unit-test";
		};
/* End PBXNativeTarget section */

/* Begin PBXProject section */
		7BFE990F1ADFABD3008A9F42 /* Project object */ = {
			isa = PBXProject;
			attributes = {
				LastUpgradeCheck = 0630;
				ORGANIZATIONNAME = "Javier De La Rubia";
				TargetAttributes = {
					7BFE99161ADFABD3008A9F42 = {
						CreatedOnToolsVersion = 6.3;
					};
					7BFE992B1ADFABD3008A9F42 = {
						CreatedOnToolsVersion = 6.3;
						TestTargetID = 7BFE99161ADFABD3008A9F42;
					};
				};
			};
			buildConfigurationList = 7BFE99121ADFABD3008A9F42 /* Build configuration list for PBXProject "ExamenGestos" */;
			compatibilityVersion = "Xcode 3.2";
			developmentRegion = English;
			hasScannedForEncodings = 0;
			knownRegions = (
				en,
				Base,
			);
			mainGroup = 7BFE990E1ADFABD3008A9F42;
			productRefGroup = 7BFE99181ADFABD3008A9F42 /* Products */;
			projectDirPath = "";
			projectRoot = "";
			targets = (
				7BFE99161ADFABD3008A9F42 /* ExamenGestos */,
				7BFE992B1ADFABD3008A9F42 /* ExamenGestosTests */,
			);
		};
/* End PBXProject section */

/* Begin PBXResourcesBuildPhase section */
		7BFE99151ADFABD3008A9F42 /* Resources */ = {
			isa = PBXResourcesBuildPhase;
			buildActionMask = 2147483647;
			files = (
				7BFE99221ADFABD3008A9F42 /* Main.storyboard in Resources */,
				7BFE99271ADFABD3008A9F42 /* LaunchScreen.xib in Resources */,
				7BFE99241ADFABD3008A9F42 /* Images.xcassets in Resources */,
			);
			runOnlyForDeploymentPostprocessing = 0;
		};
		7BFE992A1ADFABD3008A9F42 /* Resources */ = {
			isa = PBXResourcesBuildPhase;
			buildActionMask = 2147483647;
			files = (
			);
			runOnlyForDeploymentPostprocessing = 0;
		};
/* End PBXResourcesBuildPhase section */

/* Begin PBXSourcesBuildPhase section */
		7BFE99131ADFABD3008A9F42 /* Sources */ = {
			isa = PBXSourcesBuildPhase;
			buildActionMask = 2147483647;
			files = (
				7BFE993F1ADFAC7A008A9F42 /* CircleView.swift in Sources */,
				7BFE993D1ADFABFE008A9F42 /* CircleModel.swift in Sources */,
				7BFE991F1ADFABD3008A9F42 /* ViewController.swift in Sources */,
				7BFE991D1ADFABD3008A9F42 /* AppDelegate.swift in Sources */,
			);
			runOnlyForDeploymentPostprocessing = 0;
		};
		7BFE99281ADFABD3008A9F42 /* Sources */ = {
			isa = PBXSourcesBuildPhase;
			buildActionMask = 2147483647;
			files = (
				7BFE99331ADFABD3008A9F42 /* ExamenGestosTests.swift in Sources */,
			);
			runOnlyForDeploymentPostprocessing = 0;
		};
/* End PBXSourcesBuildPhase section */

/* Begin PBXTargetDependency section */
		7BFE992E1ADFABD3008A9F42 /* PBXTargetDependency */ = {
			isa = PBXTargetDependency;
			target = 7BFE99161ADFABD3008A9F42 /* ExamenGestos */;
			targetProxy = 7BFE992D1ADFABD3008A9F42 /* PBXContainerItemProxy */;
		};
/* End PBXTargetDependency section */

/* Begin PBXVariantGroup section */
		7BFE99201ADFABD3008A9F42 /* Main.storyboard */ = {
			isa = PBXVariantGroup;
			children = (
				7BFE99211ADFABD3008A9F42 /* Base */,
			);
			name = Main.storyboard;
			sourceTree = "<group>";
		};
		7BFE99251ADFABD3008A9F42 /* LaunchScreen.xib */ = {
			isa = PBXVariantGroup;
			children = (
				7BFE99261ADFABD3008A9F42 /* Base */,
			);
			name = LaunchScreen.xib;
			sourceTree = "<group>";
		};
/* End PBXVariantGroup section */

/* Begin XCBuildConfiguration section */
		7BFE99341ADFABD3008A9F42 /* Debug */ = {
			isa = XCBuildConfiguration;
			buildSettings = {
				ALWAYS_SEARCH_USER_PATHS = NO;
				CLANG_CXX_LANGUAGE_STANDARD = "gnu++0x";
				CLANG_CXX_LIBRARY = "libc++";
				CLANG_ENABLE_MODULES = YES;
				CLANG_ENABLE_OBJC_ARC = YES;
				CLANG_WARN_BOOL_CONVERSION = YES;
				CLANG_WARN_CONSTANT_CONVERSION = YES;
				CLANG_WARN_DIRECT_OBJC_ISA_USAGE = YES_ERROR;
				CLANG_WARN_EMPTY_BODY = YES;
				CLANG_WARN_ENUM_CONVERSION = YES;
				CLANG_WARN_INT_CONVERSION = YES;
				CLANG_WARN_OBJC_ROOT_CLASS = YES_ERROR;
				CLANG_WARN_UNREACHABLE_CODE = YES;
				CLANG_WARN__DUPLICATE_METHOD_MATCH = YES;
				"CODE_SIGN_IDENTITY[sdk=iphoneos*]" = "iPhone Developer";
				COPY_PHASE_STRIP = NO;
				DEBUG_INFORMATION_FORMAT = "dwarf-with-dsym";
				ENABLE_STRICT_OBJC_MSGSEND = YES;
				GCC_C_LANGUAGE_STANDARD = gnu99;
				GCC_DYNAMIC_NO_PIC = NO;
				GCC_NO_COMMON_BLOCKS = YES;
				GCC_OPTIMIZATION_LEVEL = 0;
				GCC_PREPROCESSOR_DEFINITIONS = (
					"DEBUG=1",
					"$(inherited)",
				);
				GCC_SYMBOLS_PRIVATE_EXTERN = NO;
				GCC_WARN_64_TO_32_BIT_CONVERSION = YES;
				GCC_WARN_ABOUT_RETURN_TYPE = YES_ERROR;
				GCC_WARN_UNDECLARED_SELECTOR = YES;
				GCC_WARN_UNINITIALIZED_AUTOS = YES_AGGRESSIVE;
				GCC_WARN_UNUSED_FUNCTION = YES;
				GCC_WARN_UNUSED_VARIABLE = YES;
				IPHONEOS_DEPLOYMENT_TARGET = 8.3;
				MTL_ENABLE_DEBUG_INFO = YES;
				ONLY_ACTIVE_ARCH = YES;
				SDKROOT = iphoneos;
				SWIFT_OPTIMIZATION_LEVEL = "-Onone";
				TARGETED_DEVICE_FAMILY = "1,2";
			};
			name = Debug;
		};
		7BFE99351ADFABD3008A9F42 /* Release */ = {
			isa = XCBuildConfiguration;
			buildSettings = {
				ALWAYS_SEARCH_USER_PATHS = NO;
				CLANG_CXX_LANGUAGE_STANDARD = "gnu++0x";
				CLANG_CXX_LIBRARY = "libc++";
				CLANG_ENABLE_MODULES = YES;
				CLANG_ENABLE_OBJC_ARC = YES;
				CLANG_WARN_BOOL_CONVERSION = YES;
				CLANG_WARN_CONSTANT_CONVERSION = YES;
				CLANG_WARN_DIRECT_OBJC_ISA_USAGE = YES_ERROR;
				CLANG_WARN_EMPTY_BODY = YES;
				CLANG_WARN_ENUM_CONVERSION = YES;
				CLANG_WARN_INT_CONVERSION = YES;
				CLANG_WARN_OBJC_ROOT_CLASS = YES_ERROR;
				CLANG_WARN_UNREACHABLE_CODE = YES;
				CLANG_WARN__DUPLICATE_METHOD_MATCH = YES;
				"CODE_SIGN_IDENTITY[sdk=iphoneos*]" = "iPhone Developer";
				COPY_PHASE_STRIP = NO;
				DEBUG_INFORMATION_FORMAT = "dwarf-with-dsym";
				ENABLE_NS_ASSERTIONS = NO;
				ENABLE_STRICT_OBJC_MSGSEND = YES;
				GCC_C_LANGUAGE_STANDARD = gnu99;
				GCC_NO_COMMON_BLOCKS = YES;
				GCC_WARN_64_TO_32_BIT_CONVERSION = YES;
				GCC_WARN_ABOUT_RETURN_TYPE = YES_ERROR;
				GCC_WARN_UNDECLARED_SELECTOR = YES;
				GCC_WARN_UNINITIALIZED_AUTOS = YES_AGGRESSIVE;
				GCC_WARN_UNUSED_FUNCTION = YES;
				GCC_WARN_UNUSED_VARIABLE = YES;
				IPHONEOS_DEPLOYMENT_TARGET = 8.3;
				MTL_ENABLE_DEBUG_INFO = NO;
				SDKROOT = iphoneos;
				TARGETED_DEVICE_FAMILY = "1,2";
				VALIDATE_PRODUCT = YES;
			};
			name = Release;
		};
		7BFE99371ADFABD3008A9F42 /* Debug */ = {
			isa = XCBuildConfiguration;
			buildSettings = {
				ASSETCATALOG_COMPILER_APPICON_NAME = AppIcon;
				ASSETCATALOG_COMPILER_LAUNCHIMAGE_NAME = LaunchImage;
				INFOPLIST_FILE = ExamenGestos/Info.plist;
				LD_RUNPATH_SEARCH_PATHS = "$(inherited) @executable_path/Frameworks";
				PRODUCT_NAME = "$(TARGET_NAME)";
			};
			name = Debug;
		};
		7BFE99381ADFABD3008A9F42 /* Release */ = {
			isa = XCBuildConfiguration;
			buildSettings = {
				ASSETCATALOG_COMPILER_APPICON_NAME = AppIcon;
				ASSETCATALOG_COMPILER_LAUNCHIMAGE_NAME = LaunchImage;
				INFOPLIST_FILE = ExamenGestos/Info.plist;
				LD_RUNPATH_SEARCH_PATHS = "$(inherited) @executable_path/Frameworks";
				PRODUCT_NAME = "$(TARGET_NAME)";
			};
			name = Release;
		};
		7BFE993A1ADFABD3008A9F42 /* Debug */ = {
			isa = XCBuildConfiguration;
			buildSettings = {
				BUNDLE_LOADER = "$(TEST_HOST)";
				FRAMEWORK_SEARCH_PATHS = (
					"$(SDKROOT)/Developer/Library/Frameworks",
					"$(inherited)",
				);
				GCC_PREPROCESSOR_DEFINITIONS = (
					"DEBUG=1",
					"$(inherited)",
				);
				INFOPLIST_FILE = ExamenGestosTests/Info.plist;
				LD_RUNPATH_SEARCH_PATHS = "$(inherited) @executable_path/Frameworks @loader_path/Frameworks";
				PRODUCT_NAME = "$(TARGET_NAME)";
				TEST_HOST = "$(BUILT_PRODUCTS_DIR)/ExamenGestos.app/ExamenGestos";
			};
			name = Debug;
		};
		7BFE993B1ADFABD3008A9F42 /* Release */ = {
			isa = XCBuildConfiguration;
			buildSettings = {
				BUNDLE_LOADER = "$(TEST_HOST)";
				FRAMEWORK_SEARCH_PATHS = (
					"$(SDKROOT)/Developer/Library/Frameworks",
					"$(inherited)",
				);
				INFOPLIST_FILE = ExamenGestosTests/Info.plist;
				LD_RUNPATH_SEARCH_PATHS = "$(inherited) @executable_path/Frameworks @loader_path/Frameworks";
				PRODUCT_NAME = "$(TARGET_NAME)";
				TEST_HOST = "$(BUILT_PRODUCTS_DIR)/ExamenGestos.app/ExamenGestos";
			};
			name = Release;
		};
/* End XCBuildConfiguration section */

/* Begin XCConfigurationList section */
		7BFE99121ADFABD3008A9F42 /* Build configuration list for PBXProject "ExamenGestos" */ = {
			isa = XCConfigurationList;
			buildConfigurations = (
				7BFE99341ADFABD3008A9F42 /* Debug */,
				7BFE99351ADFABD3008A9F42 /* Release */,
			);
			defaultConfigurationIsVisible = 0;
			defaultConfigurationName = Release;
		};
		7BFE99361ADFABD3008A9F42 /* Build configuration list for PBXNativeTarget "ExamenGestos" */ = {
			isa = XCConfigurationList;
			buildConfigurations = (
				7BFE99371ADFABD3008A9F42 /* Debug */,
				7BFE99381ADFABD3008A9F42 /* Release */,
			);
			defaultConfigurationIsVisible = 0;
			defaultConfigurationName = Release;
		};
		7BFE99391ADFABD3008A9F42 /* Build configuration list for PBXNativeTarget "ExamenGestosTests" */ = {
			isa = XCConfigurationList;
			buildConfigurations = (
				7BFE993A1ADFABD3008A9F42 /* Debug */,
				7BFE993B1ADFABD3008A9F42 /* Release */,
			);
			defaultConfigurationIsVisible = 0;
			defaultConfigurationName = Release;
		};
/* End XCConfigurationList section */
	};
	rootObject = 7BFE990F1ADFABD3008A9F42 /* Project object */;
}
