// !$*UTF8*$!
{
	archiveVersion = 1;
	classes = {
	};
	objectVersion = 46;
	objects = {

/* Begin PBXBuildFile section */
		7B4B59961ADEA8D1004FCAE2 /* AppDelegate.swift in Sources */ = {isa = PBXBuildFile; fileRef = 7B4B59951ADEA8D0004FCAE2 /* AppDelegate.swift */; };
		7B4B59981ADEA8D1004FCAE2 /* ViewController.swift in Sources */ = {isa = PBXBuildFile; fileRef = 7B4B59971ADEA8D1004FCAE2 /* ViewController.swift */; };
		7B4B599B1ADEA8D1004FCAE2 /* Main.storyboard in Resources */ = {isa = PBXBuildFile; fileRef = 7B4B59991ADEA8D1004FCAE2 /* Main.storyboard */; };
		7B4B599D1ADEA8D1004FCAE2 /* Images.xcassets in Resources */ = {isa = PBXBuildFile; fileRef = 7B4B599C1ADEA8D1004FCAE2 /* Images.xcassets */; };
		7B4B59A01ADEA8D1004FCAE2 /* LaunchScreen.xib in Resources */ = {isa = PBXBuildFile; fileRef = 7B4B599E1ADEA8D1004FCAE2 /* LaunchScreen.xib */; };
		7B4B59AC1ADEA8D1004FCAE2 /* ExamenTests.swift in Sources */ = {isa = PBXBuildFile; fileRef = 7B4B59AB1ADEA8D1004FCAE2 /* ExamenTests.swift */; };
		7B4B59B61ADEA937004FCAE2 /* SquareView.swift in Sources */ = {isa = PBXBuildFile; fileRef = 7B4B59B51ADEA937004FCAE2 /* SquareView.swift */; };
		7B4B59B81ADEA986004FCAE2 /* SquareModel.swift in Sources */ = {isa = PBXBuildFile; fileRef = 7B4B59B71ADEA986004FCAE2 /* SquareModel.swift */; };
/* End PBXBuildFile section */

/* Begin PBXContainerItemProxy section */
		7B4B59A61ADEA8D1004FCAE2 /* PBXContainerItemProxy */ = {
			isa = PBXContainerItemProxy;
			containerPortal = 7B4B59881ADEA8D0004FCAE2 /* Project object */;
			proxyType = 1;
			remoteGlobalIDString = 7B4B598F1ADEA8D0004FCAE2;
			remoteInfo = Examen;
		};
/* End PBXContainerItemProxy section */

/* Begin PBXFileReference section */
		7B4B59901ADEA8D0004FCAE2 /* Examen.app */ = {isa = PBXFileReference; explicitFileType = wrapper.application; includeInIndex = 0; path = Examen.app; sourceTree = BUILT_PRODUCTS_DIR; };
		7B4B59941ADEA8D0004FCAE2 /* Info.plist */ = {isa = PBXFileReference; lastKnownFileType = text.plist.xml; path = Info.plist; sourceTree = "<group>"; };
		7B4B59951ADEA8D0004FCAE2 /* AppDelegate.swift */ = {isa = PBXFileReference; lastKnownFileType = sourcecode.swift; path = AppDelegate.swift; sourceTree = "<group>"; };
		7B4B59971ADEA8D1004FCAE2 /* ViewController.swift */ = {isa = PBXFileReference; lastKnownFileType = sourcecode.swift; path = ViewController.swift; sourceTree = "<group>"; };
		7B4B599A1ADEA8D1004FCAE2 /* Base */ = {isa = PBXFileReference; lastKnownFileType = file.storyboard; name = Base; path = Base.lproj/Main.storyboard; sourceTree = "<group>"; };
		7B4B599C1ADEA8D1004FCAE2 /* Images.xcassets */ = {isa = PBXFileReference; lastKnownFileType = folder.assetcatalog; path = Images.xcassets; sourceTree = "<group>"; };
		7B4B599F1ADEA8D1004FCAE2 /* Base */ = {isa = PBXFileReference; lastKnownFileType = file.xib; name = Base; path = Base.lproj/LaunchScreen.xib; sourceTree = "<group>"; };
		7B4B59A51ADEA8D1004FCAE2 /* ExamenTests.xctest */ = {isa = PBXFileReference; explicitFileType = wrapper.cfbundle; includeInIndex = 0; path = ExamenTests.xctest; sourceTree = BUILT_PRODUCTS_DIR; };
		7B4B59AA1ADEA8D1004FCAE2 /* Info.plist */ = {isa = PBXFileReference; lastKnownFileType = text.plist.xml; path = Info.plist; sourceTree = "<group>"; };
		7B4B59AB1ADEA8D1004FCAE2 /* ExamenTests.swift */ = {isa = PBXFileReference; lastKnownFileType = sourcecode.swift; path = ExamenTests.swift; sourceTree = "<group>"; };
		7B4B59B51ADEA937004FCAE2 /* SquareView.swift */ = {isa = PBXFileReference; fileEncoding = 4; lastKnownFileType = sourcecode.swift; path = SquareView.swift; sourceTree = "<group>"; };
		7B4B59B71ADEA986004FCAE2 /* SquareModel.swift */ = {isa = PBXFileReference; fileEncoding = 4; lastKnownFileType = sourcecode.swift; path = SquareModel.swift; sourceTree = "<group>"; };
/* End PBXFileReference section */

/* Begin PBXFrameworksBuildPhase section */
		7B4B598D1ADEA8D0004FCAE2 /* Frameworks */ = {
			isa = PBXFrameworksBuildPhase;
			buildActionMask = 2147483647;
			files = (
			);
			runOnlyForDeploymentPostprocessing = 0;
		};
		7B4B59A21ADEA8D1004FCAE2 /* Frameworks */ = {
			isa = PBXFrameworksBuildPhase;
			buildActionMask = 2147483647;
			files = (
			);
			runOnlyForDeploymentPostprocessing = 0;
		};
/* End PBXFrameworksBuildPhase section */

/* Begin PBXGroup section */
		7B4B59871ADEA8D0004FCAE2 = {
			isa = PBXGroup;
			children = (
				7B4B59921ADEA8D0004FCAE2 /* Examen */,
				7B4B59A81ADEA8D1004FCAE2 /* ExamenTests */,
				7B4B59911ADEA8D0004FCAE2 /* Products */,
			);
			sourceTree = "<group>";
		};
		7B4B59911ADEA8D0004FCAE2 /* Products */ = {
			isa = PBXGroup;
			children = (
				7B4B59901ADEA8D0004FCAE2 /* Examen.app */,
				7B4B59A51ADEA8D1004FCAE2 /* ExamenTests.xctest */,
			);
			name = Products;
			sourceTree = "<group>";
		};
		7B4B59921ADEA8D0004FCAE2 /* Examen */ = {
			isa = PBXGroup;
			children = (
				7B4B59951ADEA8D0004FCAE2 /* AppDelegate.swift */,
				7B4B59B71ADEA986004FCAE2 /* SquareModel.swift */,
				7B4B59971ADEA8D1004FCAE2 /* ViewController.swift */,
				7B4B59B51ADEA937004FCAE2 /* SquareView.swift */,
				7B4B59991ADEA8D1004FCAE2 /* Main.storyboard */,
				7B4B599C1ADEA8D1004FCAE2 /* Images.xcassets */,
				7B4B599E1ADEA8D1004FCAE2 /* LaunchScreen.xib */,
				7B4B59931ADEA8D0004FCAE2 /* Supporting Files */,
			);
			path = Examen;
			sourceTree = "<group>";
		};
		7B4B59931ADEA8D0004FCAE2 /* Supporting Files */ = {
			isa = PBXGroup;
			children = (
				7B4B59941ADEA8D0004FCAE2 /* Info.plist */,
			);
			name = "Supporting Files";
			sourceTree = "<group>";
		};
		7B4B59A81ADEA8D1004FCAE2 /* ExamenTests */ = {
			isa = PBXGroup;
			children = (
				7B4B59AB1ADEA8D1004FCAE2 /* ExamenTests.swift */,
				7B4B59A91ADEA8D1004FCAE2 /* Supporting Files */,
			);
			path = ExamenTests;
			sourceTree = "<group>";
		};
		7B4B59A91ADEA8D1004FCAE2 /* Supporting Files */ = {
			isa = PBXGroup;
			children = (
				7B4B59AA1ADEA8D1004FCAE2 /* Info.plist */,
			);
			name = "Supporting Files";
			sourceTree = "<group>";
		};
/* End PBXGroup section */

/* Begin PBXNativeTarget section */
		7B4B598F1ADEA8D0004FCAE2 /* Examen */ = {
			isa = PBXNativeTarget;
			buildConfigurationList = 7B4B59AF1ADEA8D1004FCAE2 /* Build configuration list for PBXNativeTarget "Examen" */;
			buildPhases = (
				7B4B598C1ADEA8D0004FCAE2 /* Sources */,
				7B4B598D1ADEA8D0004FCAE2 /* Frameworks */,
				7B4B598E1ADEA8D0004FCAE2 /* Resources */,
			);
			buildRules = (
			);
			dependencies = (
			);
			name = Examen;
			productName = Examen;
			productReference = 7B4B59901ADEA8D0004FCAE2 /* Examen.app */;
			productType = "com.apple.product-type.application";
		};
		7B4B59A41ADEA8D1004FCAE2 /* ExamenTests */ = {
			isa = PBXNativeTarget;
			buildConfigurationList = 7B4B59B21ADEA8D1004FCAE2 /* Build configuration list for PBXNativeTarget "ExamenTests" */;
			buildPhases = (
				7B4B59A11ADEA8D1004FCAE2 /* Sources */,
				7B4B59A21ADEA8D1004FCAE2 /* Frameworks */,
				7B4B59A31ADEA8D1004FCAE2 /* Resources */,
			);
			buildRules = (
			);
			dependencies = (
				7B4B59A71ADEA8D1004FCAE2 /* PBXTargetDependency */,
			);
			name = ExamenTests;
			productName = ExamenTests;
			productReference = 7B4B59A51ADEA8D1004FCAE2 /* ExamenTests.xctest */;
			productType = "com.apple.product-type.bundle.unit-test";
		};
/* End PBXNativeTarget section */

/* Begin PBXProject section */
		7B4B59881ADEA8D0004FCAE2 /* Project object */ = {
			isa = PBXProject;
			attributes = {
				LastUpgradeCheck = 0630;
				ORGANIZATIONNAME = "Javier De La Rubia";
				TargetAttributes = {
					7B4B598F1ADEA8D0004FCAE2 = {
						CreatedOnToolsVersion = 6.3;
					};
					7B4B59A41ADEA8D1004FCAE2 = {
						CreatedOnToolsVersion = 6.3;
						TestTargetID = 7B4B598F1ADEA8D0004FCAE2;
					};
				};
			};
			buildConfigurationList = 7B4B598B1ADEA8D0004FCAE2 /* Build configuration list for PBXProject "Examen" */;
			compatibilityVersion = "Xcode 3.2";
			developmentRegion = English;
			hasScannedForEncodings = 0;
			knownRegions = (
				en,
				Base,
			);
			mainGroup = 7B4B59871ADEA8D0004FCAE2;
			productRefGroup = 7B4B59911ADEA8D0004FCAE2 /* Products */;
			projectDirPath = "";
			projectRoot = "";
			targets = (
				7B4B598F1ADEA8D0004FCAE2 /* Examen */,
				7B4B59A41ADEA8D1004FCAE2 /* ExamenTests */,
			);
		};
/* End PBXProject section */

/* Begin PBXResourcesBuildPhase section */
		7B4B598E1ADEA8D0004FCAE2 /* Resources */ = {
			isa = PBXResourcesBuildPhase;
			buildActionMask = 2147483647;
			files = (
				7B4B599B1ADEA8D1004FCAE2 /* Main.storyboard in Resources */,
				7B4B59A01ADEA8D1004FCAE2 /* LaunchScreen.xib in Resources */,
				7B4B599D1ADEA8D1004FCAE2 /* Images.xcassets in Resources */,
			);
			runOnlyForDeploymentPostprocessing = 0;
		};
		7B4B59A31ADEA8D1004FCAE2 /* Resources */ = {
			isa = PBXResourcesBuildPhase;
			buildActionMask = 2147483647;
			files = (
			);
			runOnlyForDeploymentPostprocessing = 0;
		};
/* End PBXResourcesBuildPhase section */

/* Begin PBXSourcesBuildPhase section */
		7B4B598C1ADEA8D0004FCAE2 /* Sources */ = {
			isa = PBXSourcesBuildPhase;
			buildActionMask = 2147483647;
			files = (
				7B4B59B61ADEA937004FCAE2 /* SquareView.swift in Sources */,
				7B4B59981ADEA8D1004FCAE2 /* ViewController.swift in Sources */,
				7B4B59B81ADEA986004FCAE2 /* SquareModel.swift in Sources */,
				7B4B59961ADEA8D1004FCAE2 /* AppDelegate.swift in Sources */,
			);
			runOnlyForDeploymentPostprocessing = 0;
		};
		7B4B59A11ADEA8D1004FCAE2 /* Sources */ = {
			isa = PBXSourcesBuildPhase;
			buildActionMask = 2147483647;
			files = (
				7B4B59AC1ADEA8D1004FCAE2 /* ExamenTests.swift in Sources */,
			);
			runOnlyForDeploymentPostprocessing = 0;
		};
/* End PBXSourcesBuildPhase section */

/* Begin PBXTargetDependency section */
		7B4B59A71ADEA8D1004FCAE2 /* PBXTargetDependency */ = {
			isa = PBXTargetDependency;
			target = 7B4B598F1ADEA8D0004FCAE2 /* Examen */;
			targetProxy = 7B4B59A61ADEA8D1004FCAE2 /* PBXContainerItemProxy */;
		};
/* End PBXTargetDependency section */

/* Begin PBXVariantGroup section */
		7B4B59991ADEA8D1004FCAE2 /* Main.storyboard */ = {
			isa = PBXVariantGroup;
			children = (
				7B4B599A1ADEA8D1004FCAE2 /* Base */,
			);
			name = Main.storyboard;
			sourceTree = "<group>";
		};
		7B4B599E1ADEA8D1004FCAE2 /* LaunchScreen.xib */ = {
			isa = PBXVariantGroup;
			children = (
				7B4B599F1ADEA8D1004FCAE2 /* Base */,
			);
			name = LaunchScreen.xib;
			sourceTree = "<group>";
		};
/* End PBXVariantGroup section */

/* Begin XCBuildConfiguration section */
		7B4B59AD1ADEA8D1004FCAE2 /* Debug */ = {
			isa = XCBuildConfiguration;
			buildSettings = {
				ALWAYS_SEARCH_USER_PATHS = NO;
				CLANG_CXX_LANGUAGE_STANDARD = "gnu++0x";
				CLANG_CXX_LIBRARY = "libc++";
				CLANG_ENABLE_MODULES = YES;
				CLANG_ENABLE_OBJC_ARC = YES;
				CLANG_WARN_BOOL_CONVERSION = YES;
				CLANG_WARN_CONSTANT_CONVERSION = YES;
				CLANG_WARN_DIRECT_OBJC_ISA_USAGE = YES_ERROR;
				CLANG_WARN_EMPTY_BODY = YES;
				CLANG_WARN_ENUM_CONVERSION = YES;
				CLANG_WARN_INT_CONVERSION = YES;
				CLANG_WARN_OBJC_ROOT_CLASS = YES_ERROR;
				CLANG_WARN_UNREACHABLE_CODE = YES;
				CLANG_WARN__DUPLICATE_METHOD_MATCH = YES;
				"CODE_SIGN_IDENTITY[sdk=iphoneos*]" = "iPhone Developer";
				COPY_PHASE_STRIP = NO;
				DEBUG_INFORMATION_FORMAT = "dwarf-with-dsym";
				ENABLE_STRICT_OBJC_MSGSEND = YES;
				GCC_C_LANGUAGE_STANDARD = gnu99;
				GCC_DYNAMIC_NO_PIC = NO;
				GCC_NO_COMMON_BLOCKS = YES;
				GCC_OPTIMIZATION_LEVEL = 0;
				GCC_PREPROCESSOR_DEFINITIONS = (
					"DEBUG=1",
					"$(inherited)",
				);
				GCC_SYMBOLS_PRIVATE_EXTERN = NO;
				GCC_WARN_64_TO_32_BIT_CONVERSION = YES;
				GCC_WARN_ABOUT_RETURN_TYPE = YES_ERROR;
				GCC_WARN_UNDECLARED_SELECTOR = YES;
				GCC_WARN_UNINITIALIZED_AUTOS = YES_AGGRESSIVE;
				GCC_WARN_UNUSED_FUNCTION = YES;
				GCC_WARN_UNUSED_VARIABLE = YES;
				IPHONEOS_DEPLOYMENT_TARGET = 8.3;
				MTL_ENABLE_DEBUG_INFO = YES;
				ONLY_ACTIVE_ARCH = YES;
				SDKROOT = iphoneos;
				SWIFT_OPTIMIZATION_LEVEL = "-Onone";
				TARGETED_DEVICE_FAMILY = "1,2";
			};
			name = Debug;
		};
		7B4B59AE1ADEA8D1004FCAE2 /* Release */ = {
			isa = XCBuildConfiguration;
			buildSettings = {
				ALWAYS_SEARCH_USER_PATHS = NO;
				CLANG_CXX_LANGUAGE_STANDARD = "gnu++0x";
				CLANG_CXX_LIBRARY = "libc++";
				CLANG_ENABLE_MODULES = YES;
				CLANG_ENABLE_OBJC_ARC = YES;
				CLANG_WARN_BOOL_CONVERSION = YES;
				CLANG_WARN_CONSTANT_CONVERSION = YES;
				CLANG_WARN_DIRECT_OBJC_ISA_USAGE = YES_ERROR;
				CLANG_WARN_EMPTY_BODY = YES;
				CLANG_WARN_ENUM_CONVERSION = YES;
				CLANG_WARN_INT_CONVERSION = YES;
				CLANG_WARN_OBJC_ROOT_CLASS = YES_ERROR;
				CLANG_WARN_UNREACHABLE_CODE = YES;
				CLANG_WARN__DUPLICATE_METHOD_MATCH = YES;
				"CODE_SIGN_IDENTITY[sdk=iphoneos*]" = "iPhone Developer";
				COPY_PHASE_STRIP = NO;
				DEBUG_INFORMATION_FORMAT = "dwarf-with-dsym";
				ENABLE_NS_ASSERTIONS = NO;
				ENABLE_STRICT_OBJC_MSGSEND = YES;
				GCC_C_LANGUAGE_STANDARD = gnu99;
				GCC_NO_COMMON_BLOCKS = YES;
				GCC_WARN_64_TO_32_BIT_CONVERSION = YES;
				GCC_WARN_ABOUT_RETURN_TYPE = YES_ERROR;
				GCC_WARN_UNDECLARED_SELECTOR = YES;
				GCC_WARN_UNINITIALIZED_AUTOS = YES_AGGRESSIVE;
				GCC_WARN_UNUSED_FUNCTION = YES;
				GCC_WARN_UNUSED_VARIABLE = YES;
				IPHONEOS_DEPLOYMENT_TARGET = 8.3;
				MTL_ENABLE_DEBUG_INFO = NO;
				SDKROOT = iphoneos;
				TARGETED_DEVICE_FAMILY = "1,2";
				VALIDATE_PRODUCT = YES;
			};
			name = Release;
		};
		7B4B59B01ADEA8D1004FCAE2 /* Debug */ = {
			isa = XCBuildConfiguration;
			buildSettings = {
				ASSETCATALOG_COMPILER_APPICON_NAME = AppIcon;
				INFOPLIST_FILE = Examen/Info.plist;
				LD_RUNPATH_SEARCH_PATHS = "$(inherited) @executable_path/Frameworks";
				PRODUCT_NAME = "$(TARGET_NAME)";
			};
			name = Debug;
		};
		7B4B59B11ADEA8D1004FCAE2 /* Release */ = {
			isa = XCBuildConfiguration;
			buildSettings = {
				ASSETCATALOG_COMPILER_APPICON_NAME = AppIcon;
				INFOPLIST_FILE = Examen/Info.plist;
				LD_RUNPATH_SEARCH_PATHS = "$(inherited) @executable_path/Frameworks";
				PRODUCT_NAME = "$(TARGET_NAME)";
			};
			name = Release;
		};
		7B4B59B31ADEA8D1004FCAE2 /* Debug */ = {
			isa = XCBuildConfiguration;
			buildSettings = {
				BUNDLE_LOADER = "$(TEST_HOST)";
				FRAMEWORK_SEARCH_PATHS = (
					"$(SDKROOT)/Developer/Library/Frameworks",
					"$(inherited)",
				);
				GCC_PREPROCESSOR_DEFINITIONS = (
					"DEBUG=1",
					"$(inherited)",
				);
				INFOPLIST_FILE = ExamenTests/Info.plist;
				LD_RUNPATH_SEARCH_PATHS = "$(inherited) @executable_path/Frameworks @loader_path/Frameworks";
				PRODUCT_NAME = "$(TARGET_NAME)";
				TEST_HOST = "$(BUILT_PRODUCTS_DIR)/Examen.app/Examen";
			};
			name = Debug;
		};
		7B4B59B41ADEA8D1004FCAE2 /* Release */ = {
			isa = XCBuildConfiguration;
			buildSettings = {
				BUNDLE_LOADER = "$(TEST_HOST)";
				FRAMEWORK_SEARCH_PATHS = (
					"$(SDKROOT)/Developer/Library/Frameworks",
					"$(inherited)",
				);
				INFOPLIST_FILE = ExamenTests/Info.plist;
				LD_RUNPATH_SEARCH_PATHS = "$(inherited) @executable_path/Frameworks @loader_path/Frameworks";
				PRODUCT_NAME = "$(TARGET_NAME)";
				TEST_HOST = "$(BUILT_PRODUCTS_DIR)/Examen.app/Examen";
			};
			name = Release;
		};
/* End XCBuildConfiguration section */

/* Begin XCConfigurationList section */
		7B4B598B1ADEA8D0004FCAE2 /* Build configuration list for PBXProject "Examen" */ = {
			isa = XCConfigurationList;
			buildConfigurations = (
				7B4B59AD1ADEA8D1004FCAE2 /* Debug */,
				7B4B59AE1ADEA8D1004FCAE2 /* Release */,
			);
			defaultConfigurationIsVisible = 0;
			defaultConfigurationName = Release;
		};
		7B4B59AF1ADEA8D1004FCAE2 /* Build configuration list for PBXNativeTarget "Examen" */ = {
			isa = XCConfigurationList;
			buildConfigurations = (
				7B4B59B01ADEA8D1004FCAE2 /* Debug */,
				7B4B59B11ADEA8D1004FCAE2 /* Release */,
			);
			defaultConfigurationIsVisible = 0;
		};
		7B4B59B21ADEA8D1004FCAE2 /* Build configuration list for PBXNativeTarget "ExamenTests" */ = {
			isa = XCConfigurationList;
			buildConfigurations = (
				7B4B59B31ADEA8D1004FCAE2 /* Debug */,
				7B4B59B41ADEA8D1004FCAE2 /* Release */,
			);
			defaultConfigurationIsVisible = 0;
		};
/* End XCConfigurationList section */
	};
	rootObject = 7B4B59881ADEA8D0004FCAE2 /* Project object */;
}
